// !$*UTF8*$!
{
	archiveVersion = 1;
	classes = {
	};
	objectVersion = 50;
	objects = {

/* Begin PBXBuildFile section */
		FA89C48C25EDA25B00E29777 /* AppDelegate.swift in Sources */ = {isa = PBXBuildFile; fileRef = FA89C48B25EDA25B00E29777 /* AppDelegate.swift */; };
		FA89C48E25EDA25B00E29777 /* SceneDelegate.swift in Sources */ = {isa = PBXBuildFile; fileRef = FA89C48D25EDA25B00E29777 /* SceneDelegate.swift */; };
		FA89C49325EDA25B00E29777 /* Main.storyboard in Resources */ = {isa = PBXBuildFile; fileRef = FA89C49125EDA25B00E29777 /* Main.storyboard */; };
		FA89C49625EDA25B00E29777 /* WestCoastApp.xcdatamodeld in Sources */ = {isa = PBXBuildFile; fileRef = FA89C49425EDA25B00E29777 /* WestCoastApp.xcdatamodeld */; };
		FA89C49825EDA25F00E29777 /* Assets.xcassets in Resources */ = {isa = PBXBuildFile; fileRef = FA89C49725EDA25F00E29777 /* Assets.xcassets */; };
		FA89C49B25EDA25F00E29777 /* LaunchScreen.storyboard in Resources */ = {isa = PBXBuildFile; fileRef = FA89C49925EDA25F00E29777 /* LaunchScreen.storyboard */; };
		FA89C4B125EDA41700E29777 /* WestCoastTableViewController.swift in Sources */ = {isa = PBXBuildFile; fileRef = FA89C4B025EDA41700E29777 /* WestCoastTableViewController.swift */; };
		FA89C4B425EDA43700E29777 /* LoginTableViewController.swift in Sources */ = {isa = PBXBuildFile; fileRef = FA89C4B325EDA43700E29777 /* LoginTableViewController.swift */; };
		FA89C4B725EDA44700E29777 /* SignUpTableViewController.swift in Sources */ = {isa = PBXBuildFile; fileRef = FA89C4B625EDA44700E29777 /* SignUpTableViewController.swift */; };
		FA89C4BA25EDA45500E29777 /* ProfileTableViewController.swift in Sources */ = {isa = PBXBuildFile; fileRef = FA89C4B925EDA45500E29777 /* ProfileTableViewController.swift */; };
		FA89C4C025EDA7C000E29777 /* TextFieldTableViewCell.swift in Sources */ = {isa = PBXBuildFile; fileRef = FA89C4BE25EDA7C000E29777 /* TextFieldTableViewCell.swift */; };
		FA89C4C125EDA7C000E29777 /* TextFieldTableViewCell.xib in Resources */ = {isa = PBXBuildFile; fileRef = FA89C4BF25EDA7C000E29777 /* TextFieldTableViewCell.xib */; };
		FA89C4C425EDADA900E29777 /* CourseListTableViewController.swift in Sources */ = {isa = PBXBuildFile; fileRef = FA89C4C325EDADA900E29777 /* CourseListTableViewController.swift */; };
		FA89C4C725EDADB800E29777 /* ShowCourseTableViewController.swift in Sources */ = {isa = PBXBuildFile; fileRef = FA89C4C625EDADB800E29777 /* ShowCourseTableViewController.swift */; };
		FA89C4CA25EDB00400E29777 /* CoursesBrain.swift in Sources */ = {isa = PBXBuildFile; fileRef = FA89C4C925EDB00400E29777 /* CoursesBrain.swift */; };
		FA89C4CD25EDB17900E29777 /* CoursesModel.swift in Sources */ = {isa = PBXBuildFile; fileRef = FA89C4CC25EDB17900E29777 /* CoursesModel.swift */; };
		FA89C4D325EDB69A00E29777 /* User+CoreDataClass.swift in Sources */ = {isa = PBXBuildFile; fileRef = FA89C4CF25EDB69900E29777 /* User+CoreDataClass.swift */; };
		FA89C4D425EDB69A00E29777 /* User+CoreDataProperties.swift in Sources */ = {isa = PBXBuildFile; fileRef = FA89C4D025EDB69900E29777 /* User+CoreDataProperties.swift */; };
		FA89C4D525EDB69A00E29777 /* Courses+CoreDataClass.swift in Sources */ = {isa = PBXBuildFile; fileRef = FA89C4D125EDB69900E29777 /* Courses+CoreDataClass.swift */; };
		FA89C4D625EDB69A00E29777 /* Courses+CoreDataProperties.swift in Sources */ = {isa = PBXBuildFile; fileRef = FA89C4D225EDB69900E29777 /* Courses+CoreDataProperties.swift */; };
		FA89C4D925EDBB0C00E29777 /* UserBrain.swift in Sources */ = {isa = PBXBuildFile; fileRef = FA89C4D825EDBB0C00E29777 /* UserBrain.swift */; };
/* End PBXBuildFile section */

/* Begin PBXFileReference section */
		FA89C48825EDA25B00E29777 /* WestCoastApp.app */ = {isa = PBXFileReference; explicitFileType = wrapper.application; includeInIndex = 0; path = WestCoastApp.app; sourceTree = BUILT_PRODUCTS_DIR; };
		FA89C48B25EDA25B00E29777 /* AppDelegate.swift */ = {isa = PBXFileReference; lastKnownFileType = sourcecode.swift; path = AppDelegate.swift; sourceTree = "<group>"; };
		FA89C48D25EDA25B00E29777 /* SceneDelegate.swift */ = {isa = PBXFileReference; lastKnownFileType = sourcecode.swift; path = SceneDelegate.swift; sourceTree = "<group>"; };
		FA89C49225EDA25B00E29777 /* Base */ = {isa = PBXFileReference; lastKnownFileType = file.storyboard; name = Base; path = Base.lproj/Main.storyboard; sourceTree = "<group>"; };
		FA89C49525EDA25B00E29777 /* WestCoastApp.xcdatamodel */ = {isa = PBXFileReference; lastKnownFileType = wrapper.xcdatamodel; path = WestCoastApp.xcdatamodel; sourceTree = "<group>"; };
		FA89C49725EDA25F00E29777 /* Assets.xcassets */ = {isa = PBXFileReference; lastKnownFileType = folder.assetcatalog; path = Assets.xcassets; sourceTree = "<group>"; };
		FA89C49A25EDA25F00E29777 /* Base */ = {isa = PBXFileReference; lastKnownFileType = file.storyboard; name = Base; path = Base.lproj/LaunchScreen.storyboard; sourceTree = "<group>"; };
		FA89C49C25EDA25F00E29777 /* Info.plist */ = {isa = PBXFileReference; lastKnownFileType = text.plist.xml; path = Info.plist; sourceTree = "<group>"; };
		FA89C4B025EDA41700E29777 /* WestCoastTableViewController.swift */ = {isa = PBXFileReference; lastKnownFileType = sourcecode.swift; path = WestCoastTableViewController.swift; sourceTree = "<group>"; };
		FA89C4B325EDA43700E29777 /* LoginTableViewController.swift */ = {isa = PBXFileReference; lastKnownFileType = sourcecode.swift; path = LoginTableViewController.swift; sourceTree = "<group>"; };
		FA89C4B625EDA44700E29777 /* SignUpTableViewController.swift */ = {isa = PBXFileReference; lastKnownFileType = sourcecode.swift; path = SignUpTableViewController.swift; sourceTree = "<group>"; };
		FA89C4B925EDA45500E29777 /* ProfileTableViewController.swift */ = {isa = PBXFileReference; lastKnownFileType = sourcecode.swift; path = ProfileTableViewController.swift; sourceTree = "<group>"; };
		FA89C4BE25EDA7C000E29777 /* TextFieldTableViewCell.swift */ = {isa = PBXFileReference; fileEncoding = 4; lastKnownFileType = sourcecode.swift; path = TextFieldTableViewCell.swift; sourceTree = "<group>"; };
		FA89C4BF25EDA7C000E29777 /* TextFieldTableViewCell.xib */ = {isa = PBXFileReference; fileEncoding = 4; lastKnownFileType = file.xib; path = TextFieldTableViewCell.xib; sourceTree = "<group>"; };
		FA89C4C325EDADA900E29777 /* CourseListTableViewController.swift */ = {isa = PBXFileReference; lastKnownFileType = sourcecode.swift; path = CourseListTableViewController.swift; sourceTree = "<group>"; };
		FA89C4C625EDADB800E29777 /* ShowCourseTableViewController.swift */ = {isa = PBXFileReference; lastKnownFileType = sourcecode.swift; path = ShowCourseTableViewController.swift; sourceTree = "<group>"; };
		FA89C4C925EDB00400E29777 /* CoursesBrain.swift */ = {isa = PBXFileReference; fileEncoding = 4; lastKnownFileType = sourcecode.swift; name = CoursesBrain.swift; path = ../../../WestCoast/WestCoast/CoreDataModel/CoursesBrain.swift; sourceTree = "<group>"; };
		FA89C4CC25EDB17900E29777 /* CoursesModel.swift */ = {isa = PBXFileReference; fileEncoding = 4; lastKnownFileType = sourcecode.swift; name = CoursesModel.swift; path = ../../../WestCoast/WestCoast/CoreDataModel/CoursesModel.swift; sourceTree = "<group>"; };
		FA89C4CF25EDB69900E29777 /* User+CoreDataClass.swift */ = {isa = PBXFileReference; lastKnownFileType = sourcecode.swift; path = "User+CoreDataClass.swift"; sourceTree = "<group>"; };
		FA89C4D025EDB69900E29777 /* User+CoreDataProperties.swift */ = {isa = PBXFileReference; lastKnownFileType = sourcecode.swift; path = "User+CoreDataProperties.swift"; sourceTree = "<group>"; };
		FA89C4D125EDB69900E29777 /* Courses+CoreDataClass.swift */ = {isa = PBXFileReference; lastKnownFileType = sourcecode.swift; path = "Courses+CoreDataClass.swift"; sourceTree = "<group>"; };
		FA89C4D225EDB69900E29777 /* Courses+CoreDataProperties.swift */ = {isa = PBXFileReference; lastKnownFileType = sourcecode.swift; path = "Courses+CoreDataProperties.swift"; sourceTree = "<group>"; };
		FA89C4D825EDBB0C00E29777 /* UserBrain.swift */ = {isa = PBXFileReference; fileEncoding = 4; lastKnownFileType = sourcecode.swift; name = UserBrain.swift; path = ../../../WestCoast/WestCoast/CoreDataModel/UserBrain.swift; sourceTree = "<group>"; };
/* End PBXFileReference section */

/* Begin PBXFrameworksBuildPhase section */
		FA89C48525EDA25B00E29777 /* Frameworks */ = {
			isa = PBXFrameworksBuildPhase;
			buildActionMask = 2147483647;
			files = (
			);
			runOnlyForDeploymentPostprocessing = 0;
		};
/* End PBXFrameworksBuildPhase section */

/* Begin PBXGroup section */
		FA89C47F25EDA25B00E29777 = {
			isa = PBXGroup;
			children = (
				FA89C48A25EDA25B00E29777 /* WestCoastApp */,
				FA89C48925EDA25B00E29777 /* Products */,
			);
			sourceTree = "<group>";
		};
		FA89C48925EDA25B00E29777 /* Products */ = {
			isa = PBXGroup;
			children = (
				FA89C48825EDA25B00E29777 /* WestCoastApp.app */,
			);
			name = Products;
			sourceTree = "<group>";
		};
		FA89C48A25EDA25B00E29777 /* WestCoastApp */ = {
			isa = PBXGroup;
			children = (
				FA89C4BC25EDA74500E29777 /* CustomCell */,
				FA89C4A325EDA28800E29777 /* AppDelegate */,
				FA89C4A725EDA2B200E29777 /* Model */,
				FA89C4A825EDA2BA00E29777 /* Controll */,
				FA89C4A525EDA29900E29777 /* View */,
				FA89C4A625EDA2A700E29777 /* Support */,
				FA89C49C25EDA25F00E29777 /* Info.plist */,
			);
			path = WestCoastApp;
			sourceTree = "<group>";
		};
		FA89C4A325EDA28800E29777 /* AppDelegate */ = {
			isa = PBXGroup;
			children = (
				FA89C48B25EDA25B00E29777 /* AppDelegate.swift */,
				FA89C48D25EDA25B00E29777 /* SceneDelegate.swift */,
			);
			path = AppDelegate;
			sourceTree = "<group>";
		};
		FA89C4A525EDA29900E29777 /* View */ = {
			isa = PBXGroup;
			children = (
				FA89C49125EDA25B00E29777 /* Main.storyboard */,
				FA89C49925EDA25F00E29777 /* LaunchScreen.storyboard */,
			);
			path = View;
			sourceTree = "<group>";
		};
		FA89C4A625EDA2A700E29777 /* Support */ = {
			isa = PBXGroup;
			children = (
				FA89C49725EDA25F00E29777 /* Assets.xcassets */,
			);
			path = Support;
			sourceTree = "<group>";
		};
		FA89C4A725EDA2B200E29777 /* Model */ = {
			isa = PBXGroup;
			children = (
				FA89C4CF25EDB69900E29777 /* User+CoreDataClass.swift */,
				FA89C4D025EDB69900E29777 /* User+CoreDataProperties.swift */,
				FA89C4D125EDB69900E29777 /* Courses+CoreDataClass.swift */,
				FA89C4D225EDB69900E29777 /* Courses+CoreDataProperties.swift */,
				FA89C49425EDA25B00E29777 /* WestCoastApp.xcdatamodeld */,
				FA89C4C925EDB00400E29777 /* CoursesBrain.swift */,
				FA89C4CC25EDB17900E29777 /* CoursesModel.swift */,
				FA89C4D825EDBB0C00E29777 /* UserBrain.swift */,
			);
			path = Model;
			sourceTree = "<group>";
		};
		FA89C4A825EDA2BA00E29777 /* Controll */ = {
			isa = PBXGroup;
			children = (
				FA89C4B025EDA41700E29777 /* WestCoastTableViewController.swift */,
				FA89C4B325EDA43700E29777 /* LoginTableViewController.swift */,
				FA89C4B625EDA44700E29777 /* SignUpTableViewController.swift */,
				FA89C4B925EDA45500E29777 /* ProfileTableViewController.swift */,
				FA89C4C325EDADA900E29777 /* CourseListTableViewController.swift */,
				FA89C4C625EDADB800E29777 /* ShowCourseTableViewController.swift */,
			);
			path = Controll;
			sourceTree = "<group>";
		};
		FA89C4BC25EDA74500E29777 /* CustomCell */ = {
			isa = PBXGroup;
			children = (
				FA89C4BE25EDA7C000E29777 /* TextFieldTableViewCell.swift */,
				FA89C4BF25EDA7C000E29777 /* TextFieldTableViewCell.xib */,
			);
			path = CustomCell;
			sourceTree = "<group>";
		};
/* End PBXGroup section */

/* Begin PBXNativeTarget section */
		FA89C48725EDA25B00E29777 /* WestCoastApp */ = {
			isa = PBXNativeTarget;
			buildConfigurationList = FA89C49F25EDA25F00E29777 /* Build configuration list for PBXNativeTarget "WestCoastApp" */;
			buildPhases = (
				FA89C48425EDA25B00E29777 /* Sources */,
				FA89C48525EDA25B00E29777 /* Frameworks */,
				FA89C48625EDA25B00E29777 /* Resources */,
			);
			buildRules = (
			);
			dependencies = (
			);
			name = WestCoastApp;
			productName = WestCoastApp;
			productReference = FA89C48825EDA25B00E29777 /* WestCoastApp.app */;
			productType = "com.apple.product-type.application";
		};
/* End PBXNativeTarget section */

/* Begin PBXProject section */
		FA89C48025EDA25B00E29777 /* Project object */ = {
			isa = PBXProject;
			attributes = {
				LastSwiftUpdateCheck = 1240;
				LastUpgradeCheck = 1240;
				TargetAttributes = {
					FA89C48725EDA25B00E29777 = {
						CreatedOnToolsVersion = 12.4;
					};
				};
			};
			buildConfigurationList = FA89C48325EDA25B00E29777 /* Build configuration list for PBXProject "WestCoastApp" */;
			compatibilityVersion = "Xcode 9.3";
			developmentRegion = en;
			hasScannedForEncodings = 0;
			knownRegions = (
				en,
				Base,
			);
			mainGroup = FA89C47F25EDA25B00E29777;
			productRefGroup = FA89C48925EDA25B00E29777 /* Products */;
			projectDirPath = "";
			projectRoot = "";
			targets = (
				FA89C48725EDA25B00E29777 /* WestCoastApp */,
			);
		};
/* End PBXProject section */

/* Begin PBXResourcesBuildPhase section */
		FA89C48625EDA25B00E29777 /* Resources */ = {
			isa = PBXResourcesBuildPhase;
			buildActionMask = 2147483647;
			files = (
				FA89C49B25EDA25F00E29777 /* LaunchScreen.storyboard in Resources */,
				FA89C49825EDA25F00E29777 /* Assets.xcassets in Resources */,
				FA89C49325EDA25B00E29777 /* Main.storyboard in Resources */,
				FA89C4C125EDA7C000E29777 /* TextFieldTableViewCell.xib in Resources */,
			);
			runOnlyForDeploymentPostprocessing = 0;
		};
/* End PBXResourcesBuildPhase section */

/* Begin PBXSourcesBuildPhase section */
		FA89C48425EDA25B00E29777 /* Sources */ = {
			isa = PBXSourcesBuildPhase;
			buildActionMask = 2147483647;
			files = (
				FA89C4BA25EDA45500E29777 /* ProfileTableViewController.swift in Sources */,
				FA89C4B425EDA43700E29777 /* LoginTableViewController.swift in Sources */,
				FA89C4B725EDA44700E29777 /* SignUpTableViewController.swift in Sources */,
				FA89C4D525EDB69A00E29777 /* Courses+CoreDataClass.swift in Sources */,
				FA89C4D625EDB69A00E29777 /* Courses+CoreDataProperties.swift in Sources */,
				FA89C4D325EDB69A00E29777 /* User+CoreDataClass.swift in Sources */,
				FA89C4C025EDA7C000E29777 /* TextFieldTableViewCell.swift in Sources */,
				FA89C48C25EDA25B00E29777 /* AppDelegate.swift in Sources */,
				FA89C4B125EDA41700E29777 /* WestCoastTableViewController.swift in Sources */,
				FA89C48E25EDA25B00E29777 /* SceneDelegate.swift in Sources */,
				FA89C49625EDA25B00E29777 /* WestCoastApp.xcdatamodeld in Sources */,
				FA89C4CA25EDB00400E29777 /* CoursesBrain.swift in Sources */,
				FA89C4D425EDB69A00E29777 /* User+CoreDataProperties.swift in Sources */,
				FA89C4D925EDBB0C00E29777 /* UserBrain.swift in Sources */,
				FA89C4C425EDADA900E29777 /* CourseListTableViewController.swift in Sources */,
				FA89C4CD25EDB17900E29777 /* CoursesModel.swift in Sources */,
				FA89C4C725EDADB800E29777 /* ShowCourseTableViewController.swift in Sources */,
			);
			runOnlyForDeploymentPostprocessing = 0;
		};
/* End PBXSourcesBuildPhase section */

/* Begin PBXVariantGroup section */
		FA89C49125EDA25B00E29777 /* Main.storyboard */ = {
			isa = PBXVariantGroup;
			children = (
				FA89C49225EDA25B00E29777 /* Base */,
			);
			name = Main.storyboard;
			sourceTree = "<group>";
		};
		FA89C49925EDA25F00E29777 /* LaunchScreen.storyboard */ = {
			isa = PBXVariantGroup;
			children = (
				FA89C49A25EDA25F00E29777 /* Base */,
			);
			name = LaunchScreen.storyboard;
			sourceTree = "<group>";
		};
/* End PBXVariantGroup section */

/* Begin XCBuildConfiguration section */
		FA89C49D25EDA25F00E29777 /* Debug */ = {
			isa = XCBuildConfiguration;
			buildSettings = {
				ALWAYS_SEARCH_USER_PATHS = NO;
				CLANG_ANALYZER_NONNULL = YES;
				CLANG_ANALYZER_NUMBER_OBJECT_CONVERSION = YES_AGGRESSIVE;
				CLANG_CXX_LANGUAGE_STANDARD = "gnu++14";
				CLANG_CXX_LIBRARY = "libc++";
				CLANG_ENABLE_MODULES = YES;
				CLANG_ENABLE_OBJC_ARC = YES;
				CLANG_ENABLE_OBJC_WEAK = YES;
				CLANG_WARN_BLOCK_CAPTURE_AUTORELEASING = YES;
				CLANG_WARN_BOOL_CONVERSION = YES;
				CLANG_WARN_COMMA = YES;
				CLANG_WARN_CONSTANT_CONVERSION = YES;
				CLANG_WARN_DEPRECATED_OBJC_IMPLEMENTATIONS = YES;
				CLANG_WARN_DIRECT_OBJC_ISA_USAGE = YES_ERROR;
				CLANG_WARN_DOCUMENTATION_COMMENTS = YES;
				CLANG_WARN_EMPTY_BODY = YES;
				CLANG_WARN_ENUM_CONVERSION = YES;
				CLANG_WARN_INFINITE_RECURSION = YES;
				CLANG_WARN_INT_CONVERSION = YES;
				CLANG_WARN_NON_LITERAL_NULL_CONVERSION = YES;
				CLANG_WARN_OBJC_IMPLICIT_RETAIN_SELF = YES;
				CLANG_WARN_OBJC_LITERAL_CONVERSION = YES;
				CLANG_WARN_OBJC_ROOT_CLASS = YES_ERROR;
				CLANG_WARN_QUOTED_INCLUDE_IN_FRAMEWORK_HEADER = YES;
				CLANG_WARN_RANGE_LOOP_ANALYSIS = YES;
				CLANG_WARN_STRICT_PROTOTYPES = YES;
				CLANG_WARN_SUSPICIOUS_MOVE = YES;
				CLANG_WARN_UNGUARDED_AVAILABILITY = YES_AGGRESSIVE;
				CLANG_WARN_UNREACHABLE_CODE = YES;
				CLANG_WARN__DUPLICATE_METHOD_MATCH = YES;
				COPY_PHASE_STRIP = NO;
				DEBUG_INFORMATION_FORMAT = dwarf;
				ENABLE_STRICT_OBJC_MSGSEND = YES;
				ENABLE_TESTABILITY = YES;
				GCC_C_LANGUAGE_STANDARD = gnu11;
				GCC_DYNAMIC_NO_PIC = NO;
				GCC_NO_COMMON_BLOCKS = YES;
				GCC_OPTIMIZATION_LEVEL = 0;
				GCC_PREPROCESSOR_DEFINITIONS = (
					"DEBUG=1",
					"$(inherited)",
				);
				GCC_WARN_64_TO_32_BIT_CONVERSION = YES;
				GCC_WARN_ABOUT_RETURN_TYPE = YES_ERROR;
				GCC_WARN_UNDECLARED_SELECTOR = YES;
				GCC_WARN_UNINITIALIZED_AUTOS = YES_AGGRESSIVE;
				GCC_WARN_UNUSED_FUNCTION = YES;
				GCC_WARN_UNUSED_VARIABLE = YES;
				IPHONEOS_DEPLOYMENT_TARGET = 14.4;
				MTL_ENABLE_DEBUG_INFO = INCLUDE_SOURCE;
				MTL_FAST_MATH = YES;
				ONLY_ACTIVE_ARCH = YES;
				SDKROOT = iphoneos;
				SWIFT_ACTIVE_COMPILATION_CONDITIONS = DEBUG;
				SWIFT_OPTIMIZATION_LEVEL = "-Onone";
			};
			name = Debug;
		};
		FA89C49E25EDA25F00E29777 /* Release */ = {
			isa = XCBuildConfiguration;
			buildSettings = {
				ALWAYS_SEARCH_USER_PATHS = NO;
				CLANG_ANALYZER_NONNULL = YES;
				CLANG_ANALYZER_NUMBER_OBJECT_CONVERSION = YES_AGGRESSIVE;
				CLANG_CXX_LANGUAGE_STANDARD = "gnu++14";
				CLANG_CXX_LIBRARY = "libc++";
				CLANG_ENABLE_MODULES = YES;
				CLANG_ENABLE_OBJC_ARC = YES;
				CLANG_ENABLE_OBJC_WEAK = YES;
				CLANG_WARN_BLOCK_CAPTURE_AUTORELEASING = YES;
				CLANG_WARN_BOOL_CONVERSION = YES;
				CLANG_WARN_COMMA = YES;
				CLANG_WARN_CONSTANT_CONVERSION = YES;
				CLANG_WARN_DEPRECATED_OBJC_IMPLEMENTATIONS = YES;
				CLANG_WARN_DIRECT_OBJC_ISA_USAGE = YES_ERROR;
				CLANG_WARN_DOCUMENTATION_COMMENTS = YES;
				CLANG_WARN_EMPTY_BODY = YES;
				CLANG_WARN_ENUM_CONVERSION = YES;
				CLANG_WARN_INFINITE_RECURSION = YES;
				CLANG_WARN_INT_CONVERSION = YES;
				CLANG_WARN_NON_LITERAL_NULL_CONVERSION = YES;
				CLANG_WARN_OBJC_IMPLICIT_RETAIN_SELF = YES;
				CLANG_WARN_OBJC_LITERAL_CONVERSION = YES;
				CLANG_WARN_OBJC_ROOT_CLASS = YES_ERROR;
				CLANG_WARN_QUOTED_INCLUDE_IN_FRAMEWORK_HEADER = YES;
				CLANG_WARN_RANGE_LOOP_ANALYSIS = YES;
				CLANG_WARN_STRICT_PROTOTYPES = YES;
				CLANG_WARN_SUSPICIOUS_MOVE = YES;
				CLANG_WARN_UNGUARDED_AVAILABILITY = YES_AGGRESSIVE;
				CLANG_WARN_UNREACHABLE_CODE = YES;
				CLANG_WARN__DUPLICATE_METHOD_MATCH = YES;
				COPY_PHASE_STRIP = NO;
				DEBUG_INFORMATION_FORMAT = "dwarf-with-dsym";
				ENABLE_NS_ASSERTIONS = NO;
				ENABLE_STRICT_OBJC_MSGSEND = YES;
				GCC_C_LANGUAGE_STANDARD = gnu11;
				GCC_NO_COMMON_BLOCKS = YES;
				GCC_WARN_64_TO_32_BIT_CONVERSION = YES;
				GCC_WARN_ABOUT_RETURN_TYPE = YES_ERROR;
				GCC_WARN_UNDECLARED_SELECTOR = YES;
				GCC_WARN_UNINITIALIZED_AUTOS = YES_AGGRESSIVE;
				GCC_WARN_UNUSED_FUNCTION = YES;
				GCC_WARN_UNUSED_VARIABLE = YES;
				IPHONEOS_DEPLOYMENT_TARGET = 14.4;
				MTL_ENABLE_DEBUG_INFO = NO;
				MTL_FAST_MATH = YES;
				SDKROOT = iphoneos;
				SWIFT_COMPILATION_MODE = wholemodule;
				SWIFT_OPTIMIZATION_LEVEL = "-O";
				VALIDATE_PRODUCT = YES;
			};
			name = Release;
		};
		FA89C4A025EDA25F00E29777 /* Debug */ = {
			isa = XCBuildConfiguration;
			buildSettings = {
				ASSETCATALOG_COMPILER_APPICON_NAME = AppIcon;
				ASSETCATALOG_COMPILER_GLOBAL_ACCENT_COLOR_NAME = AccentColor;
				CODE_SIGN_STYLE = Automatic;
				INFOPLIST_FILE = WestCoastApp/Info.plist;
				LD_RUNPATH_SEARCH_PATHS = (
					"$(inherited)",
					"@executable_path/Frameworks",
				);
				PRODUCT_BUNDLE_IDENTIFIER = com.atlal.WestCoastApp;
				PRODUCT_NAME = "$(TARGET_NAME)";
				SWIFT_VERSION = 5.0;
				TARGETED_DEVICE_FAMILY = "1,2";
			};
			name = Debug;
		};
		FA89C4A125EDA25F00E29777 /* Release */ = {
			isa = XCBuildConfiguration;
			buildSettings = {
				ASSETCATALOG_COMPILER_APPICON_NAME = AppIcon;
				ASSETCATALOG_COMPILER_GLOBAL_ACCENT_COLOR_NAME = AccentColor;
				CODE_SIGN_STYLE = Automatic;
				INFOPLIST_FILE = WestCoastApp/Info.plist;
				LD_RUNPATH_SEARCH_PATHS = (
					"$(inherited)",
					"@executable_path/Frameworks",
				);
				PRODUCT_BUNDLE_IDENTIFIER = com.atlal.WestCoastApp;
				PRODUCT_NAME = "$(TARGET_NAME)";
				SWIFT_VERSION = 5.0;
				TARGETED_DEVICE_FAMILY = "1,2";
			};
			name = Release;
		};
/* End XCBuildConfiguration section */

/* Begin XCConfigurationList section */
		FA89C48325EDA25B00E29777 /* Build configuration list for PBXProject "WestCoastApp" */ = {
			isa = XCConfigurationList;
			buildConfigurations = (
				FA89C49D25EDA25F00E29777 /* Debug */,
				FA89C49E25EDA25F00E29777 /* Release */,
			);
			defaultConfigurationIsVisible = 0;
			defaultConfigurationName = Release;
		};
		FA89C49F25EDA25F00E29777 /* Build configuration list for PBXNativeTarget "WestCoastApp" */ = {
			isa = XCConfigurationList;
			buildConfigurations = (
				FA89C4A025EDA25F00E29777 /* Debug */,
				FA89C4A125EDA25F00E29777 /* Release */,
			);
			defaultConfigurationIsVisible = 0;
			defaultConfigurationName = Release;
		};
/* End XCConfigurationList section */

/* Begin XCVersionGroup section */
		FA89C49425EDA25B00E29777 /* WestCoastApp.xcdatamodeld */ = {
			isa = XCVersionGroup;
			children = (
				FA89C49525EDA25B00E29777 /* WestCoastApp.xcdatamodel */,
			);
			currentVersion = FA89C49525EDA25B00E29777 /* WestCoastApp.xcdatamodel */;
			path = WestCoastApp.xcdatamodeld;
			sourceTree = "<group>";
			versionGroupType = wrapper.xcdatamodel;
		};
/* End XCVersionGroup section */
	};
	rootObject = FA89C48025EDA25B00E29777 /* Project object */;
}
